
Microsoft Visual Studio Solution File, Format Version 12.00
# Visual Studio 2012
Project("{FAE04EC0-301F-11D3-BF4B-00C04F79EFBC}") = "TaxiService", "TaxiService\TaxiService.csproj", "{06218725-ECF3-46D9-8A67-B063851BDCA1}"
EndProject
Project("{CC5FD16D-436D-48AD-A40C-5A424C6E3E79}") = "TaxiService.Azure", "TaxiService.Azure\TaxiService.Azure.ccproj", "{BA9C99C4-9826-42DE-90BC-E569438CBFF2}"
EndProject
Project("{FAE04EC0-301F-11D3-BF4B-00C04F79EFBC}") = "TaxiClient", "TaxiClient\TaxiClient.csproj", "{6CF2B362-5C9A-4963-B0CA-B7E4C58524C6}"
	ProjectSection(ProjectDependencies) = postProject
		{06218725-ECF3-46D9-8A67-B063851BDCA1} = {06218725-ECF3-46D9-8A67-B063851BDCA1}
	EndProjectSection
EndProject
Project("{FAE04EC0-301F-11D3-BF4B-00C04F79EFBC}") = "ClientFlightPart", "..\..\Visual Studio 2012\Projects\ClientFlightPart\ClientFlightPart\ClientFlightPart.csproj", "{F3BBE24D-4C63-48AF-BC54-1D9BF2A5FB2C}"
EndProject
Project("{FAE04EC0-301F-11D3-BF4B-00C04F79EFBC}") = "To8Libraries", "To8Libraries\To8Libraries.csproj", "{FC6B4D74-817B-4535-9A92-F93984A334DD}"
EndProject
Global
	GlobalSection(SolutionConfigurationPlatforms) = preSolution
		Debug|Any CPU = Debug|Any CPU
		Release|Any CPU = Release|Any CPU
	EndGlobalSection
	GlobalSection(ProjectConfigurationPlatforms) = postSolution
		{06218725-ECF3-46D9-8A67-B063851BDCA1}.Debug|Any CPU.ActiveCfg = Debug|Any CPU
		{06218725-ECF3-46D9-8A67-B063851BDCA1}.Debug|Any CPU.Build.0 = Debug|Any CPU
		{06218725-ECF3-46D9-8A67-B063851BDCA1}.Release|Any CPU.ActiveCfg = Release|Any CPU
		{06218725-ECF3-46D9-8A67-B063851BDCA1}.Release|Any CPU.Build.0 = Release|Any CPU
		{BA9C99C4-9826-42DE-90BC-E569438CBFF2}.Debug|Any CPU.ActiveCfg = Debug|Any CPU
		{BA9C99C4-9826-42DE-90BC-E569438CBFF2}.Debug|Any CPU.Build.0 = Debug|Any CPU
		{BA9C99C4-9826-42DE-90BC-E569438CBFF2}.Release|Any CPU.ActiveCfg = Release|Any CPU
		{BA9C99C4-9826-42DE-90BC-E569438CBFF2}.Release|Any CPU.Build.0 = Release|Any CPU
		{6CF2B362-5C9A-4963-B0CA-B7E4C58524C6}.Debug|Any CPU.ActiveCfg = Debug|Any CPU
		{6CF2B362-5C9A-4963-B0CA-B7E4C58524C6}.Debug|Any CPU.Build.0 = Debug|Any CPU
		{6CF2B362-5C9A-4963-B0CA-B7E4C58524C6}.Release|Any CPU.ActiveCfg = Release|Any CPU
		{6CF2B362-5C9A-4963-B0CA-B7E4C58524C6}.Release|Any CPU.Build.0 = Release|Any CPU
		{F3BBE24D-4C63-48AF-BC54-1D9BF2A5FB2C}.Debug|Any CPU.ActiveCfg = Debug|Any CPU
		{F3BBE24D-4C63-48AF-BC54-1D9BF2A5FB2C}.Debug|Any CPU.Build.0 = Debug|Any CPU
		{F3BBE24D-4C63-48AF-BC54-1D9BF2A5FB2C}.Release|Any CPU.ActiveCfg = Release|Any CPU
		{F3BBE24D-4C63-48AF-BC54-1D9BF2A5FB2C}.Release|Any CPU.Build.0 = Release|Any CPU
		{FC6B4D74-817B-4535-9A92-F93984A334DD}.Debug|Any CPU.ActiveCfg = Debug|Any CPU
		{FC6B4D74-817B-4535-9A92-F93984A334DD}.Debug|Any CPU.Build.0 = Debug|Any CPU
		{FC6B4D74-817B-4535-9A92-F93984A334DD}.Release|Any CPU.ActiveCfg = Release|Any CPU
		{FC6B4D74-817B-4535-9A92-F93984A334DD}.Release|Any CPU.Build.0 = Release|Any CPU
	EndGlobalSection
	GlobalSection(SolutionProperties) = preSolution
		HideSolutionNode = FALSE
	EndGlobalSection
EndGlobal
