
Microsoft Visual Studio Solution File, Format Version 12.00
# Visual Studio 2012
Project("{FAE04EC0-301F-11D3-BF4B-00C04F79EFBC}") = "TO8_DotNet", "TO8_DotNet\TO8_DotNet.csproj", "{FA2EF29C-C598-4E5D-A34D-B9E15BC9684C}"
EndProject
Project("{FAE04EC0-301F-11D3-BF4B-00C04F79EFBC}") = "TaxiService", "TaxiService\TaxiService.csproj", "{14B2A6E2-F8BE-4A39-BAE5-FCFF3614CFE3}"
EndProject
Project("{FAE04EC0-301F-11D3-BF4B-00C04F79EFBC}") = "GUI", "GUI\GUI.csproj", "{7F3C4885-40DF-46EE-98AB-260B9A38FEC7}"
	ProjectSection(ProjectDependencies) = postProject
		{14B2A6E2-F8BE-4A39-BAE5-FCFF3614CFE3} = {14B2A6E2-F8BE-4A39-BAE5-FCFF3614CFE3}
	EndProjectSection
EndProject
Global
	GlobalSection(SolutionConfigurationPlatforms) = preSolution
		Debug|Any CPU = Debug|Any CPU
		Release|Any CPU = Release|Any CPU
	EndGlobalSection
	GlobalSection(ProjectConfigurationPlatforms) = postSolution
		{FA2EF29C-C598-4E5D-A34D-B9E15BC9684C}.Debug|Any CPU.ActiveCfg = Debug|Any CPU
		{FA2EF29C-C598-4E5D-A34D-B9E15BC9684C}.Debug|Any CPU.Build.0 = Debug|Any CPU
		{FA2EF29C-C598-4E5D-A34D-B9E15BC9684C}.Release|Any CPU.ActiveCfg = Release|Any CPU
		{FA2EF29C-C598-4E5D-A34D-B9E15BC9684C}.Release|Any CPU.Build.0 = Release|Any CPU
		{14B2A6E2-F8BE-4A39-BAE5-FCFF3614CFE3}.Debug|Any CPU.ActiveCfg = Debug|Any CPU
		{14B2A6E2-F8BE-4A39-BAE5-FCFF3614CFE3}.Debug|Any CPU.Build.0 = Debug|Any CPU
		{14B2A6E2-F8BE-4A39-BAE5-FCFF3614CFE3}.Release|Any CPU.ActiveCfg = Release|Any CPU
		{14B2A6E2-F8BE-4A39-BAE5-FCFF3614CFE3}.Release|Any CPU.Build.0 = Release|Any CPU
		{7F3C4885-40DF-46EE-98AB-260B9A38FEC7}.Debug|Any CPU.ActiveCfg = Debug|Any CPU
		{7F3C4885-40DF-46EE-98AB-260B9A38FEC7}.Debug|Any CPU.Build.0 = Debug|Any CPU
		{7F3C4885-40DF-46EE-98AB-260B9A38FEC7}.Release|Any CPU.ActiveCfg = Release|Any CPU
		{7F3C4885-40DF-46EE-98AB-260B9A38FEC7}.Release|Any CPU.Build.0 = Release|Any CPU
	EndGlobalSection
	GlobalSection(SolutionProperties) = preSolution
		HideSolutionNode = FALSE
	EndGlobalSection
EndGlobal
