
Microsoft Visual Studio Solution File, Format Version 12.00
# Visual Studio 2012
Project("{FAE04EC0-301F-11D3-BF4B-00C04F79EFBC}") = "TaxiService", "TaxiService\TaxiService.csproj", "{14B2A6E2-F8BE-4A39-BAE5-FCFF3614CFE3}"
EndProject
Project("{FAE04EC0-301F-11D3-BF4B-00C04F79EFBC}") = "GUI", "GUI\GUI.csproj", "{7F3C4885-40DF-46EE-98AB-260B9A38FEC7}"
	ProjectSection(ProjectDependencies) = postProject
		{14B2A6E2-F8BE-4A39-BAE5-FCFF3614CFE3} = {14B2A6E2-F8BE-4A39-BAE5-FCFF3614CFE3}
	EndProjectSection
EndProject
Project("{FAE04EC0-301F-11D3-BF4B-00C04F79EFBC}") = "TestingConsole", "TestingConsole\TestingConsole.csproj", "{8A8EF271-76F5-4D77-89CB-210A0EA413EC}"
EndProject
Global
	GlobalSection(SolutionConfigurationPlatforms) = preSolution
		Debug|Any CPU = Debug|Any CPU
		Release|Any CPU = Release|Any CPU
	EndGlobalSection
	GlobalSection(ProjectConfigurationPlatforms) = postSolution
		{14B2A6E2-F8BE-4A39-BAE5-FCFF3614CFE3}.Debug|Any CPU.ActiveCfg = Debug|Any CPU
		{14B2A6E2-F8BE-4A39-BAE5-FCFF3614CFE3}.Debug|Any CPU.Build.0 = Debug|Any CPU
		{14B2A6E2-F8BE-4A39-BAE5-FCFF3614CFE3}.Release|Any CPU.ActiveCfg = Release|Any CPU
		{14B2A6E2-F8BE-4A39-BAE5-FCFF3614CFE3}.Release|Any CPU.Build.0 = Release|Any CPU
		{7F3C4885-40DF-46EE-98AB-260B9A38FEC7}.Debug|Any CPU.ActiveCfg = Debug|Any CPU
		{7F3C4885-40DF-46EE-98AB-260B9A38FEC7}.Debug|Any CPU.Build.0 = Debug|Any CPU
		{7F3C4885-40DF-46EE-98AB-260B9A38FEC7}.Release|Any CPU.ActiveCfg = Release|Any CPU
		{7F3C4885-40DF-46EE-98AB-260B9A38FEC7}.Release|Any CPU.Build.0 = Release|Any CPU
		{8A8EF271-76F5-4D77-89CB-210A0EA413EC}.Debug|Any CPU.ActiveCfg = Debug|Any CPU
		{8A8EF271-76F5-4D77-89CB-210A0EA413EC}.Debug|Any CPU.Build.0 = Debug|Any CPU
		{8A8EF271-76F5-4D77-89CB-210A0EA413EC}.Release|Any CPU.ActiveCfg = Release|Any CPU
		{8A8EF271-76F5-4D77-89CB-210A0EA413EC}.Release|Any CPU.Build.0 = Release|Any CPU
	EndGlobalSection
	GlobalSection(SolutionProperties) = preSolution
		HideSolutionNode = FALSE
	EndGlobalSection
EndGlobal
